{
  "meteor": {},
  "dependencies": {
    "basePackages": {
      "router": {},
      "spin": {},
      "paginated-subscription": {},
      "presence": {},
      "scss": {}
    },
    "packages": {
      "router": {
        "git": "https://github.com/tmeasday/meteor-router.git",
        "tag": "v0.5.1",
        "commit": "32e377c7703bb119acccc859fc7296882903cbe7"
      },
      "spin": {
        "git": "https://github.com/SachaG/meteor-spin.git",
        "tag": "v0.2.0",
        "commit": "fd3a2871a69442848b4b4e74f5e1ae28fa4a95a4"
      },
      "paginated-subscription": {
        "git": "https://github.com/tmeasday/meteor-paginated-subscription.git",
        "tag": "v0.1.1",
        "commit": "1ba670364ddac149f404158407b2afc89db42ce5"
      },
      "presence": {
        "git": "https://github.com/tmeasday/meteor-presence.git",
        "tag": "v0.2.0",
        "commit": "cb103275ba67e524bf3a9cce4ff0b36f03959d1b"
      },
      "scss": {
        "git": "https://github.com/fourseven/meteor-scss.git",
        "tag": "v0.5.1.1",
        "commit": "6b142df6fc11f026e4bff1d6828055b3d84ce608"
      },
      "page-js-ie-support": {
        "git": "https://github.com/tmeasday/meteor-page-js-ie-support.git",
        "tag": "v1.3.5",
        "commit": "b99ed8380aefd10b2afc8f18d9eed4dd0d8ea9cb"
      }
    }
  }
}
